
Microsoft Visual Studio Solution File, Format Version 12.00
# Visual Studio Version 17
VisualStudioVersion = 17.11.35222.181
MinimumVisualStudioVersion = 10.0.40219.1
Project("{FAE04EC0-301F-11D3-BF4B-00C04F79EFBC}") = "LRV.Regatta.Buero", "LRV.Regatta.Buero\LRV.Regatta.Buero.csproj", "{E01094FC-DF3C-4B46-9642-807DCC5EEF9C}"
EndProject
Project("{E53339B2-1760-4266-BCC7-CA923CBCF16C}") = "docker-compose", "docker-compose.dcproj", "{4FB71CFD-C1C6-4760-97F8-6CB8A8F6230E}"
EndProject
Global
	GlobalSection(SolutionConfigurationPlatforms) = preSolution
		Debug|Any CPU = Debug|Any CPU
		Release|Any CPU = Release|Any CPU
	EndGlobalSection
	GlobalSection(ProjectConfigurationPlatforms) = postSolution
		{E01094FC-DF3C-4B46-9642-807DCC5EEF9C}.Debug|Any CPU.ActiveCfg = Debug|Any CPU
		{E01094FC-DF3C-4B46-9642-807DCC5EEF9C}.Debug|Any CPU.Build.0 = Debug|Any CPU
		{E01094FC-DF3C-4B46-9642-807DCC5EEF9C}.Release|Any CPU.ActiveCfg = Release|Any CPU
		{E01094FC-DF3C-4B46-9642-807DCC5EEF9C}.Release|Any CPU.Build.0 = Release|Any CPU
		{4FB71CFD-C1C6-4760-97F8-6CB8A8F6230E}.Debug|Any CPU.ActiveCfg = Debug|Any CPU
		{4FB71CFD-C1C6-4760-97F8-6CB8A8F6230E}.Debug|Any CPU.Build.0 = Debug|Any CPU
		{4FB71CFD-C1C6-4760-97F8-6CB8A8F6230E}.Release|Any CPU.ActiveCfg = Release|Any CPU
		{4FB71CFD-C1C6-4760-97F8-6CB8A8F6230E}.Release|Any CPU.Build.0 = Release|Any CPU
	EndGlobalSection
	GlobalSection(SolutionProperties) = preSolution
		HideSolutionNode = FALSE
	EndGlobalSection
	GlobalSection(ExtensibilityGlobals) = postSolution
		SolutionGuid = {03EFC9B8-A1AC-4E85-92AF-75F61A14C55F}
	EndGlobalSection
EndGlobal
