
Microsoft Visual Studio Solution File, Format Version 12.00
# Visual Studio Version 17
VisualStudioVersion = 17.11.35222.181
MinimumVisualStudioVersion = 10.0.40219.1
Project("{9A19103F-16F7-4668-BE54-9A1E7A4F7556}") = "LRV.Regatta.Buero", "LRV.Regatta.Buero\LRV.Regatta.Buero.csproj", "{E01094FC-DF3C-4B46-9642-807DCC5EEF9C}"
EndProject
Project("{E53339B2-1760-4266-BCC7-CA923CBCF16C}") = "docker-compose", "docker-compose\docker-compose.dcproj", "{4FB71CFD-C1C6-4760-97F8-6CB8A8F6230E}"
EndProject
Project("{2150E333-8FDC-42A3-9474-1A3956D46DE8}") = "Solution Items", "Solution Items", "{A69E241B-4C63-4EAB-8BE3-0D04B8D5BF49}"
	ProjectSection(SolutionItems) = preProject
		..\.github\workflows\docker-publish.yml = ..\.github\workflows\docker-publish.yml
		..\.github\workflows\dotnet.yml = ..\.github\workflows\dotnet.yml
		..\README.md = ..\README.md
	EndProjectSection
EndProject
Project("{54A90642-561A-4BB1-A94E-469ADEE60C69}") = "Buero.Frontend", "Buero.Frontend\Buero.Frontend.esproj", "{A687531F-DB42-4E43-ACB7-F6306D75B5DB}"
EndProject
Global
	GlobalSection(SolutionConfigurationPlatforms) = preSolution
		Debug|Any CPU = Debug|Any CPU
		Release|Any CPU = Release|Any CPU
	EndGlobalSection
	GlobalSection(ProjectConfigurationPlatforms) = postSolution
		{E01094FC-DF3C-4B46-9642-807DCC5EEF9C}.Debug|Any CPU.ActiveCfg = Debug|Any CPU
		{E01094FC-DF3C-4B46-9642-807DCC5EEF9C}.Debug|Any CPU.Build.0 = Debug|Any CPU
		{E01094FC-DF3C-4B46-9642-807DCC5EEF9C}.Release|Any CPU.ActiveCfg = Release|Any CPU
		{E01094FC-DF3C-4B46-9642-807DCC5EEF9C}.Release|Any CPU.Build.0 = Release|Any CPU
		{4FB71CFD-C1C6-4760-97F8-6CB8A8F6230E}.Debug|Any CPU.ActiveCfg = Debug|Any CPU
		{4FB71CFD-C1C6-4760-97F8-6CB8A8F6230E}.Debug|Any CPU.Build.0 = Debug|Any CPU
		{4FB71CFD-C1C6-4760-97F8-6CB8A8F6230E}.Release|Any CPU.ActiveCfg = Release|Any CPU
		{4FB71CFD-C1C6-4760-97F8-6CB8A8F6230E}.Release|Any CPU.Build.0 = Release|Any CPU
		{A687531F-DB42-4E43-ACB7-F6306D75B5DB}.Debug|Any CPU.ActiveCfg = Debug|Any CPU
		{A687531F-DB42-4E43-ACB7-F6306D75B5DB}.Debug|Any CPU.Build.0 = Debug|Any CPU
		{A687531F-DB42-4E43-ACB7-F6306D75B5DB}.Debug|Any CPU.Deploy.0 = Debug|Any CPU
		{A687531F-DB42-4E43-ACB7-F6306D75B5DB}.Release|Any CPU.ActiveCfg = Release|Any CPU
		{A687531F-DB42-4E43-ACB7-F6306D75B5DB}.Release|Any CPU.Build.0 = Release|Any CPU
		{A687531F-DB42-4E43-ACB7-F6306D75B5DB}.Release|Any CPU.Deploy.0 = Release|Any CPU
	EndGlobalSection
	GlobalSection(SolutionProperties) = preSolution
		HideSolutionNode = FALSE
	EndGlobalSection
	GlobalSection(ExtensibilityGlobals) = postSolution
		SolutionGuid = {03EFC9B8-A1AC-4E85-92AF-75F61A14C55F}
	EndGlobalSection
EndGlobal
